
Microsoft Visual Studio Solution File, Format Version 12.00
# Visual Studio Version 16
VisualStudioVersion = 16.0.31424.327
MinimumVisualStudioVersion = 10.0.40219.1
Project("{FAE04EC0-301F-11D3-BF4B-00C04F79EFBC}") = "TestDeInconsistencias", "TestDeInconsistencias.csproj", "{6E201C1E-7B43-41D3-A204-2F29B71FF176}"
EndProject
Global
	GlobalSection(SolutionConfigurationPlatforms) = preSolution
		Debug|Any CPU = Debug|Any CPU
		Release|Any CPU = Release|Any CPU
	EndGlobalSection
	GlobalSection(ProjectConfigurationPlatforms) = postSolution
		{6E201C1E-7B43-41D3-A204-2F29B71FF176}.Debug|Any CPU.ActiveCfg = Debug|Any CPU
		{6E201C1E-7B43-41D3-A204-2F29B71FF176}.Debug|Any CPU.Build.0 = Debug|Any CPU
		{6E201C1E-7B43-41D3-A204-2F29B71FF176}.Release|Any CPU.ActiveCfg = Release|Any CPU
		{6E201C1E-7B43-41D3-A204-2F29B71FF176}.Release|Any CPU.Build.0 = Release|Any CPU
	EndGlobalSection
	GlobalSection(SolutionProperties) = preSolution
		HideSolutionNode = FALSE
	EndGlobalSection
	GlobalSection(ExtensibilityGlobals) = postSolution
		SolutionGuid = {C5D06E5D-EB70-4244-8A0C-B33CCEBE5014}
	EndGlobalSection
EndGlobal
